
Microsoft Visual Studio Solution File, Format Version 12.00
# Visual Studio 15
VisualStudioVersion = 15.0.28307.136
MinimumVisualStudioVersion = 10.0.40219.1
Project("{FAE04EC0-301F-11D3-BF4B-00C04F79EFBC}") = "Dashboard", "Dashboard\Dashboard.csproj", "{89C79E90-CD2A-40FC-8ABD-4BDB98361E64}"
EndProject
Global
	GlobalSection(SolutionConfigurationPlatforms) = preSolution
		Debug|Any CPU = Debug|Any CPU
		Release|Any CPU = Release|Any CPU
	EndGlobalSection
	GlobalSection(ProjectConfigurationPlatforms) = postSolution
		{89C79E90-CD2A-40FC-8ABD-4BDB98361E64}.Debug|Any CPU.ActiveCfg = Debug|Any CPU
		{89C79E90-CD2A-40FC-8ABD-4BDB98361E64}.Debug|Any CPU.Build.0 = Debug|Any CPU
		{89C79E90-CD2A-40FC-8ABD-4BDB98361E64}.Release|Any CPU.ActiveCfg = Release|Any CPU
		{89C79E90-CD2A-40FC-8ABD-4BDB98361E64}.Release|Any CPU.Build.0 = Release|Any CPU
	EndGlobalSection
	GlobalSection(SolutionProperties) = preSolution
		HideSolutionNode = FALSE
	EndGlobalSection
	GlobalSection(ExtensibilityGlobals) = postSolution
		SolutionGuid = {60D18780-528B-46E4-9981-5A7BBC6C951E}
	EndGlobalSection
EndGlobal
